// !$*UTF8*$!
{
	archiveVersion = 1;
	classes = {
	};
	objectVersion = 50;
	objects = {

/* Begin PBXBuildFile section */
		5D0CDAF325CF480F00932892 /* AppDelegate.swift in Sources */ = {isa = PBXBuildFile; fileRef = 5D0CDAF225CF480F00932892 /* AppDelegate.swift */; };
		5D0CDAF725CF480F00932892 /* ViewController.swift in Sources */ = {isa = PBXBuildFile; fileRef = 5D0CDAF625CF480F00932892 /* ViewController.swift */; };
		5D0CDAFA25CF480F00932892 /* Main.storyboard in Resources */ = {isa = PBXBuildFile; fileRef = 5D0CDAF825CF480F00932892 /* Main.storyboard */; };
		5D0CDAFC25CF481100932892 /* Assets.xcassets in Resources */ = {isa = PBXBuildFile; fileRef = 5D0CDAFB25CF481100932892 /* Assets.xcassets */; };
		5D0CDAFF25CF481100932892 /* LaunchScreen.storyboard in Resources */ = {isa = PBXBuildFile; fileRef = 5D0CDAFD25CF481100932892 /* LaunchScreen.storyboard */; };
		5D0CDB0925D0A5FE00932892 /* DrawingViewController.swift in Sources */ = {isa = PBXBuildFile; fileRef = 5D0CDB0825D0A5FE00932892 /* DrawingViewController.swift */; };
		5D0CDB1125D0AFA700932892 /* ChartView.swift in Sources */ = {isa = PBXBuildFile; fileRef = 5D0CDB1025D0AFA700932892 /* ChartView.swift */; };
		5D3A486725F95D690023FA07 /* PhotoPageViewController.swift in Sources */ = {isa = PBXBuildFile; fileRef = 5D3A486625F95D690023FA07 /* PhotoPageViewController.swift */; };
		5D5A5F6F25F4FEE200053029 /* MosaicCompositionalLayout.swift in Sources */ = {isa = PBXBuildFile; fileRef = 5D5A5F6E25F4FEE200053029 /* MosaicCompositionalLayout.swift */; };
		5D5A5F7225F5039900053029 /* UIImageExtension.swift in Sources */ = {isa = PBXBuildFile; fileRef = 5D5A5F7125F5039900053029 /* UIImageExtension.swift */; };
		5D716BCB25DD73AF0007A460 /* UIApplicationExtension.swift in Sources */ = {isa = PBXBuildFile; fileRef = 5D716BCA25DD73AF0007A460 /* UIApplicationExtension.swift */; };
		5DA195F425D1CB6300962062 /* DiagramView.swift in Sources */ = {isa = PBXBuildFile; fileRef = 5DA195F325D1CB6300962062 /* DiagramView.swift */; };
		5DA1961025D30F5400962062 /* MoviesViewController.swift in Sources */ = {isa = PBXBuildFile; fileRef = 5DA1960F25D30F5400962062 /* MoviesViewController.swift */; };
		5DA1961D25D3123600962062 /* MoviesList.txt in Resources */ = {isa = PBXBuildFile; fileRef = 5DA1961325D3123600962062 /* MoviesList.txt */; };
		5DA1961E25D3123600962062 /* Poster_08.jpg in Resources */ = {isa = PBXBuildFile; fileRef = 5DA1961525D3123600962062 /* Poster_08.jpg */; };
		5DA1961F25D3123600962062 /* Poster_06.jpg in Resources */ = {isa = PBXBuildFile; fileRef = 5DA1961625D3123600962062 /* Poster_06.jpg */; };
		5DA1962025D3123600962062 /* Poster_07.jpg in Resources */ = {isa = PBXBuildFile; fileRef = 5DA1961725D3123600962062 /* Poster_07.jpg */; };
		5DA1962125D3123600962062 /* Poster_05.jpg in Resources */ = {isa = PBXBuildFile; fileRef = 5DA1961825D3123600962062 /* Poster_05.jpg */; };
		5DA1962225D3123600962062 /* Poster_10.jpg in Resources */ = {isa = PBXBuildFile; fileRef = 5DA1961925D3123600962062 /* Poster_10.jpg */; };
		5DA1962325D3123600962062 /* Poster_01.jpg in Resources */ = {isa = PBXBuildFile; fileRef = 5DA1961A25D3123600962062 /* Poster_01.jpg */; };
		5DA1962425D3123600962062 /* Poster_03.jpg in Resources */ = {isa = PBXBuildFile; fileRef = 5DA1961B25D3123600962062 /* Poster_03.jpg */; };
		5DA1962525D3123600962062 /* Poster_02.jpg in Resources */ = {isa = PBXBuildFile; fileRef = 5DA1961C25D3123600962062 /* Poster_02.jpg */; };
		5DA1962925D3138000962062 /* Movie.swift in Sources */ = {isa = PBXBuildFile; fileRef = 5DA1962825D3138000962062 /* Movie.swift */; };
		5DA1963925D3161A00962062 /* MovieTableViewCell.swift in Sources */ = {isa = PBXBuildFile; fileRef = 5DA1963725D3161A00962062 /* MovieTableViewCell.swift */; };
		5DA1963A25D3161A00962062 /* MovieTableViewCell.xib in Resources */ = {isa = PBXBuildFile; fileRef = 5DA1963825D3161A00962062 /* MovieTableViewCell.xib */; };
		5DA1964B25D55E9C00962062 /* tt0076759.txt in Resources */ = {isa = PBXBuildFile; fileRef = 5DA1964125D55E9C00962062 /* tt0076759.txt */; };
		5DA1964C25D55E9C00962062 /* tt0121765.txt in Resources */ = {isa = PBXBuildFile; fileRef = 5DA1964225D55E9C00962062 /* tt0121765.txt */; };
		5DA1964D25D55E9C00962062 /* tt0121766.txt in Resources */ = {isa = PBXBuildFile; fileRef = 5DA1964325D55E9C00962062 /* tt0121766.txt */; };
		5DA1964E25D55E9C00962062 /* tt0120915.txt in Resources */ = {isa = PBXBuildFile; fileRef = 5DA1964425D55E9C00962062 /* tt0120915.txt */; };
		5DA1964F25D55E9C00962062 /* tt0086190.txt in Resources */ = {isa = PBXBuildFile; fileRef = 5DA1964525D55E9C00962062 /* tt0086190.txt */; };
		5DA1965025D55E9C00962062 /* tt2488496.txt in Resources */ = {isa = PBXBuildFile; fileRef = 5DA1964625D55E9C00962062 /* tt2488496.txt */; };
		5DA1965125D55E9C00962062 /* tt0080684.txt in Resources */ = {isa = PBXBuildFile; fileRef = 5DA1964725D55E9C00962062 /* tt0080684.txt */; };
		5DA1965225D55E9C00962062 /* tt2527336.txt in Resources */ = {isa = PBXBuildFile; fileRef = 5DA1964825D55E9C00962062 /* tt2527336.txt */; };
		5DA1965325D55E9C00962062 /* tt3748528.txt in Resources */ = {isa = PBXBuildFile; fileRef = 5DA1964925D55E9C00962062 /* tt3748528.txt */; };
		5DA1965425D55E9C00962062 /* tt0796366.txt in Resources */ = {isa = PBXBuildFile; fileRef = 5DA1964A25D55E9C00962062 /* tt0796366.txt */; };
		5DA1965825D562A600962062 /* MoviesDataManager.swift in Sources */ = {isa = PBXBuildFile; fileRef = 5DA1965725D562A600962062 /* MoviesDataManager.swift */; };
		5DA1965E25D56F6F00962062 /* DetailsViewController.swift in Sources */ = {isa = PBXBuildFile; fileRef = 5DA1965D25D56F6F00962062 /* DetailsViewController.swift */; };
		5DA1966225D579F500962062 /* UIStorybourdExtension.swift in Sources */ = {isa = PBXBuildFile; fileRef = 5DA1966125D579F500962062 /* UIStorybourdExtension.swift */; };
		5DA1966B25D58F4A00962062 /* DetailsTableViewCell.swift in Sources */ = {isa = PBXBuildFile; fileRef = 5DA1966925D58F4A00962062 /* DetailsTableViewCell.swift */; };
		5DA1966C25D58F4A00962062 /* DetailsTableViewCell.xib in Resources */ = {isa = PBXBuildFile; fileRef = 5DA1966A25D58F4A00962062 /* DetailsTableViewCell.xib */; };
		5DA1966F25D5C94200962062 /* UISearchBarExtension.swift in Sources */ = {isa = PBXBuildFile; fileRef = 5DA1966E25D5C94100962062 /* UISearchBarExtension.swift */; };
		5DA1967625D5E5BB00962062 /* DetailTableView.swift in Sources */ = {isa = PBXBuildFile; fileRef = 5DA1967525D5E5BB00962062 /* DetailTableView.swift */; };
		5DA1968325D6C16F00962062 /* UIViewExtension.swift in Sources */ = {isa = PBXBuildFile; fileRef = 5DA1968225D6C16F00962062 /* UIViewExtension.swift */; };
		5DA1968725D9C11400962062 /* UITableviewExtension.swift in Sources */ = {isa = PBXBuildFile; fileRef = 5DA1968625D9C11400962062 /* UITableviewExtension.swift */; };
		5DA1968D25D9DB2000962062 /* UIWindowExtension.swift in Sources */ = {isa = PBXBuildFile; fileRef = 5DA1968C25D9DB1F00962062 /* UIWindowExtension.swift */; };
		5DA1969025D9E50A00962062 /* AddNewMovieViewController.swift in Sources */ = {isa = PBXBuildFile; fileRef = 5DA1968F25D9E50900962062 /* AddNewMovieViewController.swift */; };
		5DA1969325DA873400962062 /* Validator.swift in Sources */ = {isa = PBXBuildFile; fileRef = 5DA1969225DA873400962062 /* Validator.swift */; };
		5DA1969A25DD6EA600962062 /* KeyboardEventsHandler.swift in Sources */ = {isa = PBXBuildFile; fileRef = 5DA1969925DD6EA600962062 /* KeyboardEventsHandler.swift */; };
		5DB82FFD25E924CF00D1DA5D /* ZoomTransitioningManager.swift in Sources */ = {isa = PBXBuildFile; fileRef = 5DB82FFC25E924CF00D1DA5D /* ZoomTransitioningManager.swift */; };
		5DB8300225E929F600D1DA5D /* PhotoViewController.swift in Sources */ = {isa = PBXBuildFile; fileRef = 5DB8300125E929F600D1DA5D /* PhotoViewController.swift */; };
		5DDBCA2025DFEE0500FC76B0 /* PhotoCollectionViewController.swift in Sources */ = {isa = PBXBuildFile; fileRef = 5DDBCA1F25DFEE0500FC76B0 /* PhotoCollectionViewController.swift */; };
		5DDBCA2425DFEE6C00FC76B0 /* PhotoCell.swift in Sources */ = {isa = PBXBuildFile; fileRef = 5DDBCA2325DFEE6C00FC76B0 /* PhotoCell.swift */; };
		5DDBCA2B25DFEED500FC76B0 /* MosaicFlowLayout.swift in Sources */ = {isa = PBXBuildFile; fileRef = 5DDBCA2A25DFEED500FC76B0 /* MosaicFlowLayout.swift */; };
		5DDBCA2F25DFEF0200FC76B0 /* CGRectExtension.swift in Sources */ = {isa = PBXBuildFile; fileRef = 5DDBCA2E25DFEF0200FC76B0 /* CGRectExtension.swift */; };
		5DDBCA3225E044C400FC76B0 /* ImagePicker.swift in Sources */ = {isa = PBXBuildFile; fileRef = 5DDBCA3125E044C400FC76B0 /* ImagePicker.swift */; };
		799A3F4D62D0B38C25C1F045 /* Pods_MobileDevelopment.framework in Frameworks */ = {isa = PBXBuildFile; fileRef = 99E89B7594FD4276B8B03BE6 /* Pods_MobileDevelopment.framework */; };
/* End PBXBuildFile section */

/* Begin PBXFileReference section */
		17C5F6063AC72E487F42FDF8 /* Pods-MobileDevelopment.debug.xcconfig */ = {isa = PBXFileReference; includeInIndex = 1; lastKnownFileType = text.xcconfig; name = "Pods-MobileDevelopment.debug.xcconfig"; path = "Target Support Files/Pods-MobileDevelopment/Pods-MobileDevelopment.debug.xcconfig"; sourceTree = "<group>"; };
		3EA45EB70095A0BE8CD36E23 /* Pods-MobileDevelopment.release.xcconfig */ = {isa = PBXFileReference; includeInIndex = 1; lastKnownFileType = text.xcconfig; name = "Pods-MobileDevelopment.release.xcconfig"; path = "Target Support Files/Pods-MobileDevelopment/Pods-MobileDevelopment.release.xcconfig"; sourceTree = "<group>"; };
		5D0CDAEF25CF480F00932892 /* MobileDevelopment.app */ = {isa = PBXFileReference; explicitFileType = wrapper.application; includeInIndex = 0; path = MobileDevelopment.app; sourceTree = BUILT_PRODUCTS_DIR; };
		5D0CDAF225CF480F00932892 /* AppDelegate.swift */ = {isa = PBXFileReference; lastKnownFileType = sourcecode.swift; path = AppDelegate.swift; sourceTree = "<group>"; };
		5D0CDAF625CF480F00932892 /* ViewController.swift */ = {isa = PBXFileReference; lastKnownFileType = sourcecode.swift; path = ViewController.swift; sourceTree = "<group>"; };
		5D0CDAF925CF480F00932892 /* Base */ = {isa = PBXFileReference; lastKnownFileType = file.storyboard; name = Base; path = Base.lproj/Main.storyboard; sourceTree = "<group>"; };
		5D0CDAFB25CF481100932892 /* Assets.xcassets */ = {isa = PBXFileReference; lastKnownFileType = folder.assetcatalog; path = Assets.xcassets; sourceTree = "<group>"; };
		5D0CDAFE25CF481100932892 /* Base */ = {isa = PBXFileReference; lastKnownFileType = file.storyboard; name = Base; path = Base.lproj/LaunchScreen.storyboard; sourceTree = "<group>"; };
		5D0CDB0025CF481100932892 /* Info.plist */ = {isa = PBXFileReference; lastKnownFileType = text.plist.xml; path = Info.plist; sourceTree = "<group>"; };
		5D0CDB0825D0A5FE00932892 /* DrawingViewController.swift */ = {isa = PBXFileReference; lastKnownFileType = sourcecode.swift; path = DrawingViewController.swift; sourceTree = "<group>"; };
		5D0CDB1025D0AFA700932892 /* ChartView.swift */ = {isa = PBXFileReference; lastKnownFileType = sourcecode.swift; path = ChartView.swift; sourceTree = "<group>"; };
		5D3A486625F95D690023FA07 /* PhotoPageViewController.swift */ = {isa = PBXFileReference; lastKnownFileType = sourcecode.swift; path = PhotoPageViewController.swift; sourceTree = "<group>"; };
		5D5A5F6E25F4FEE200053029 /* MosaicCompositionalLayout.swift */ = {isa = PBXFileReference; lastKnownFileType = sourcecode.swift; path = MosaicCompositionalLayout.swift; sourceTree = "<group>"; };
		5D5A5F7125F5039900053029 /* UIImageExtension.swift */ = {isa = PBXFileReference; lastKnownFileType = sourcecode.swift; path = UIImageExtension.swift; sourceTree = "<group>"; };
		5D716BCA25DD73AF0007A460 /* UIApplicationExtension.swift */ = {isa = PBXFileReference; lastKnownFileType = sourcecode.swift; path = UIApplicationExtension.swift; sourceTree = "<group>"; };
		5DA195F325D1CB6300962062 /* DiagramView.swift */ = {isa = PBXFileReference; lastKnownFileType = sourcecode.swift; path = DiagramView.swift; sourceTree = "<group>"; };
		5DA1960F25D30F5400962062 /* MoviesViewController.swift */ = {isa = PBXFileReference; lastKnownFileType = sourcecode.swift; path = MoviesViewController.swift; sourceTree = "<group>"; };
		5DA1961325D3123600962062 /* MoviesList.txt */ = {isa = PBXFileReference; fileEncoding = 4; lastKnownFileType = text; path = MoviesList.txt; sourceTree = "<group>"; };
		5DA1961525D3123600962062 /* Poster_08.jpg */ = {isa = PBXFileReference; lastKnownFileType = image.jpeg; path = Poster_08.jpg; sourceTree = "<group>"; };
		5DA1961625D3123600962062 /* Poster_06.jpg */ = {isa = PBXFileReference; lastKnownFileType = image.jpeg; path = Poster_06.jpg; sourceTree = "<group>"; };
		5DA1961725D3123600962062 /* Poster_07.jpg */ = {isa = PBXFileReference; lastKnownFileType = image.jpeg; path = Poster_07.jpg; sourceTree = "<group>"; };
		5DA1961825D3123600962062 /* Poster_05.jpg */ = {isa = PBXFileReference; lastKnownFileType = image.jpeg; path = Poster_05.jpg; sourceTree = "<group>"; };
		5DA1961925D3123600962062 /* Poster_10.jpg */ = {isa = PBXFileReference; lastKnownFileType = image.jpeg; path = Poster_10.jpg; sourceTree = "<group>"; };
		5DA1961A25D3123600962062 /* Poster_01.jpg */ = {isa = PBXFileReference; lastKnownFileType = image.jpeg; path = Poster_01.jpg; sourceTree = "<group>"; };
		5DA1961B25D3123600962062 /* Poster_03.jpg */ = {isa = PBXFileReference; lastKnownFileType = image.jpeg; path = Poster_03.jpg; sourceTree = "<group>"; };
		5DA1961C25D3123600962062 /* Poster_02.jpg */ = {isa = PBXFileReference; lastKnownFileType = image.jpeg; path = Poster_02.jpg; sourceTree = "<group>"; };
		5DA1962825D3138000962062 /* Movie.swift */ = {isa = PBXFileReference; lastKnownFileType = sourcecode.swift; path = Movie.swift; sourceTree = "<group>"; };
		5DA1963725D3161A00962062 /* MovieTableViewCell.swift */ = {isa = PBXFileReference; lastKnownFileType = sourcecode.swift; path = MovieTableViewCell.swift; sourceTree = "<group>"; };
		5DA1963825D3161A00962062 /* MovieTableViewCell.xib */ = {isa = PBXFileReference; lastKnownFileType = file.xib; path = MovieTableViewCell.xib; sourceTree = "<group>"; };
		5DA1964125D55E9C00962062 /* tt0076759.txt */ = {isa = PBXFileReference; fileEncoding = 4; lastKnownFileType = text; path = tt0076759.txt; sourceTree = "<group>"; };
		5DA1964225D55E9C00962062 /* tt0121765.txt */ = {isa = PBXFileReference; fileEncoding = 4; lastKnownFileType = text; path = tt0121765.txt; sourceTree = "<group>"; };
		5DA1964325D55E9C00962062 /* tt0121766.txt */ = {isa = PBXFileReference; fileEncoding = 4; lastKnownFileType = text; path = tt0121766.txt; sourceTree = "<group>"; };
		5DA1964425D55E9C00962062 /* tt0120915.txt */ = {isa = PBXFileReference; fileEncoding = 4; lastKnownFileType = text; path = tt0120915.txt; sourceTree = "<group>"; };
		5DA1964525D55E9C00962062 /* tt0086190.txt */ = {isa = PBXFileReference; fileEncoding = 4; lastKnownFileType = text; path = tt0086190.txt; sourceTree = "<group>"; };
		5DA1964625D55E9C00962062 /* tt2488496.txt */ = {isa = PBXFileReference; fileEncoding = 4; lastKnownFileType = text; path = tt2488496.txt; sourceTree = "<group>"; };
		5DA1964725D55E9C00962062 /* tt0080684.txt */ = {isa = PBXFileReference; fileEncoding = 4; lastKnownFileType = text; path = tt0080684.txt; sourceTree = "<group>"; };
		5DA1964825D55E9C00962062 /* tt2527336.txt */ = {isa = PBXFileReference; fileEncoding = 4; lastKnownFileType = text; path = tt2527336.txt; sourceTree = "<group>"; };
		5DA1964925D55E9C00962062 /* tt3748528.txt */ = {isa = PBXFileReference; fileEncoding = 4; lastKnownFileType = text; path = tt3748528.txt; sourceTree = "<group>"; };
		5DA1964A25D55E9C00962062 /* tt0796366.txt */ = {isa = PBXFileReference; fileEncoding = 4; lastKnownFileType = text; path = tt0796366.txt; sourceTree = "<group>"; };
		5DA1965725D562A600962062 /* MoviesDataManager.swift */ = {isa = PBXFileReference; lastKnownFileType = sourcecode.swift; path = MoviesDataManager.swift; sourceTree = "<group>"; };
		5DA1965D25D56F6F00962062 /* DetailsViewController.swift */ = {isa = PBXFileReference; lastKnownFileType = sourcecode.swift; path = DetailsViewController.swift; sourceTree = "<group>"; };
		5DA1966125D579F500962062 /* UIStorybourdExtension.swift */ = {isa = PBXFileReference; lastKnownFileType = sourcecode.swift; path = UIStorybourdExtension.swift; sourceTree = "<group>"; };
		5DA1966925D58F4A00962062 /* DetailsTableViewCell.swift */ = {isa = PBXFileReference; lastKnownFileType = sourcecode.swift; path = DetailsTableViewCell.swift; sourceTree = "<group>"; };
		5DA1966A25D58F4A00962062 /* DetailsTableViewCell.xib */ = {isa = PBXFileReference; lastKnownFileType = file.xib; path = DetailsTableViewCell.xib; sourceTree = "<group>"; };
		5DA1966E25D5C94100962062 /* UISearchBarExtension.swift */ = {isa = PBXFileReference; lastKnownFileType = sourcecode.swift; path = UISearchBarExtension.swift; sourceTree = "<group>"; };
		5DA1967525D5E5BB00962062 /* DetailTableView.swift */ = {isa = PBXFileReference; lastKnownFileType = sourcecode.swift; path = DetailTableView.swift; sourceTree = "<group>"; };
		5DA1968225D6C16F00962062 /* UIViewExtension.swift */ = {isa = PBXFileReference; lastKnownFileType = sourcecode.swift; path = UIViewExtension.swift; sourceTree = "<group>"; };
		5DA1968625D9C11400962062 /* UITableviewExtension.swift */ = {isa = PBXFileReference; lastKnownFileType = sourcecode.swift; path = UITableviewExtension.swift; sourceTree = "<group>"; };
		5DA1968C25D9DB1F00962062 /* UIWindowExtension.swift */ = {isa = PBXFileReference; lastKnownFileType = sourcecode.swift; path = UIWindowExtension.swift; sourceTree = "<group>"; };
		5DA1968F25D9E50900962062 /* AddNewMovieViewController.swift */ = {isa = PBXFileReference; lastKnownFileType = sourcecode.swift; path = AddNewMovieViewController.swift; sourceTree = "<group>"; };
		5DA1969225DA873400962062 /* Validator.swift */ = {isa = PBXFileReference; lastKnownFileType = sourcecode.swift; path = Validator.swift; sourceTree = "<group>"; };
		5DA1969925DD6EA600962062 /* KeyboardEventsHandler.swift */ = {isa = PBXFileReference; fileEncoding = 4; lastKnownFileType = sourcecode.swift; path = KeyboardEventsHandler.swift; sourceTree = "<group>"; };
		5DB82FFC25E924CF00D1DA5D /* ZoomTransitioningManager.swift */ = {isa = PBXFileReference; lastKnownFileType = sourcecode.swift; path = ZoomTransitioningManager.swift; sourceTree = "<group>"; };
		5DB8300125E929F600D1DA5D /* PhotoViewController.swift */ = {isa = PBXFileReference; lastKnownFileType = sourcecode.swift; path = PhotoViewController.swift; sourceTree = "<group>"; };
		5DDBCA1F25DFEE0500FC76B0 /* PhotoCollectionViewController.swift */ = {isa = PBXFileReference; lastKnownFileType = sourcecode.swift; path = PhotoCollectionViewController.swift; sourceTree = "<group>"; };
		5DDBCA2325DFEE6C00FC76B0 /* PhotoCell.swift */ = {isa = PBXFileReference; lastKnownFileType = sourcecode.swift; path = PhotoCell.swift; sourceTree = "<group>"; };
		5DDBCA2A25DFEED500FC76B0 /* MosaicFlowLayout.swift */ = {isa = PBXFileReference; lastKnownFileType = sourcecode.swift; path = MosaicFlowLayout.swift; sourceTree = "<group>"; };
		5DDBCA2E25DFEF0200FC76B0 /* CGRectExtension.swift */ = {isa = PBXFileReference; lastKnownFileType = sourcecode.swift; path = CGRectExtension.swift; sourceTree = "<group>"; };
		5DDBCA3125E044C400FC76B0 /* ImagePicker.swift */ = {isa = PBXFileReference; lastKnownFileType = sourcecode.swift; path = ImagePicker.swift; sourceTree = "<group>"; };
		99E89B7594FD4276B8B03BE6 /* Pods_MobileDevelopment.framework */ = {isa = PBXFileReference; explicitFileType = wrapper.framework; includeInIndex = 0; path = Pods_MobileDevelopment.framework; sourceTree = BUILT_PRODUCTS_DIR; };
/* End PBXFileReference section */

/* Begin PBXFrameworksBuildPhase section */
		5D0CDAEC25CF480F00932892 /* Frameworks */ = {
			isa = PBXFrameworksBuildPhase;
			buildActionMask = 2147483647;
			files = (
				799A3F4D62D0B38C25C1F045 /* Pods_MobileDevelopment.framework in Frameworks */,
			);
			runOnlyForDeploymentPostprocessing = 0;
		};
/* End PBXFrameworksBuildPhase section */

/* Begin PBXGroup section */
		29005392FC13DBA44EE43FA8 /* Pods */ = {
			isa = PBXGroup;
			children = (
				17C5F6063AC72E487F42FDF8 /* Pods-MobileDevelopment.debug.xcconfig */,
				3EA45EB70095A0BE8CD36E23 /* Pods-MobileDevelopment.release.xcconfig */,
			);
			name = Pods;
			path = Pods;
			sourceTree = "<group>";
		};
		5D0CDAE625CF480F00932892 = {
			isa = PBXGroup;
			children = (
				5D0CDAF125CF480F00932892 /* MobileDevelopment */,
				5D0CDAF025CF480F00932892 /* Products */,
				29005392FC13DBA44EE43FA8 /* Pods */,
				C849B6AB9DA3BE358BAE1811 /* Frameworks */,
			);
			sourceTree = "<group>";
		};
		5D0CDAF025CF480F00932892 /* Products */ = {
			isa = PBXGroup;
			children = (
				5D0CDAEF25CF480F00932892 /* MobileDevelopment.app */,
			);
			name = Products;
			sourceTree = "<group>";
		};
		5D0CDAF125CF480F00932892 /* MobileDevelopment */ = {
			isa = PBXGroup;
			children = (
				5DA1963E25D55AC700962062 /* App */,
				5D0CDB0B25D0A60B00932892 /* ViewControllers */,
				5DA1965B25D5699900962062 /* Managers */,
				5DA1962725D3131000962062 /* Models */,
				5DA1966025D579D800962062 /* Extensions */,
				5DA1966725D58EDB00962062 /* UI */,
				5DA1963F25D55DAB00962062 /* Storyboard */,
				5D0CDB0D25D0A86100932892 /* Resources */,
			);
			path = MobileDevelopment;
			sourceTree = "<group>";
		};
		5D0CDB0B25D0A60B00932892 /* ViewControllers */ = {
			isa = PBXGroup;
			children = (
				5D0CDAF625CF480F00932892 /* ViewController.swift */,
				5D0CDB0825D0A5FE00932892 /* DrawingViewController.swift */,
				5DA1969625DADB6B00962062 /* Movies */,
				5DB8300025E929C500D1DA5D /* PhotoCollection */,
			);
			path = ViewControllers;
			sourceTree = "<group>";
		};
		5D0CDB0D25D0A86100932892 /* Resources */ = {
			isa = PBXGroup;
			children = (
				5DA1961225D311FC00962062 /* MoviesData */,
				5D0CDAFB25CF481100932892 /* Assets.xcassets */,
				5D0CDB0025CF481100932892 /* Info.plist */,
			);
			path = Resources;
			sourceTree = "<group>";
		};
		5DA195F225D1CA4900962062 /* Views */ = {
			isa = PBXGroup;
			children = (
				5D0CDB1025D0AFA700932892 /* ChartView.swift */,
				5DA195F325D1CB6300962062 /* DiagramView.swift */,
				5DA1967525D5E5BB00962062 /* DetailTableView.swift */,
			);
			path = Views;
			sourceTree = "<group>";
		};
		5DA1961225D311FC00962062 /* MoviesData */ = {
			isa = PBXGroup;
			children = (
				5DA1961325D3123600962062 /* MoviesList.txt */,
				5DA1964025D55E9C00962062 /* Details */,
				5DA1961425D3123600962062 /* Posters */,
			);
			path = MoviesData;
			sourceTree = "<group>";
		};
		5DA1961425D3123600962062 /* Posters */ = {
			isa = PBXGroup;
			children = (
				5DA1961525D3123600962062 /* Poster_08.jpg */,
				5DA1961625D3123600962062 /* Poster_06.jpg */,
				5DA1961725D3123600962062 /* Poster_07.jpg */,
				5DA1961825D3123600962062 /* Poster_05.jpg */,
				5DA1961925D3123600962062 /* Poster_10.jpg */,
				5DA1961A25D3123600962062 /* Poster_01.jpg */,
				5DA1961B25D3123600962062 /* Poster_03.jpg */,
				5DA1961C25D3123600962062 /* Poster_02.jpg */,
			);
			path = Posters;
			sourceTree = "<group>";
		};
		5DA1962725D3131000962062 /* Models */ = {
			isa = PBXGroup;
			children = (
				5DA1962825D3138000962062 /* Movie.swift */,
			);
			path = Models;
			sourceTree = "<group>";
		};
		5DA1962B25D315A700962062 /* MovieCell */ = {
			isa = PBXGroup;
			children = (
				5DA1963725D3161A00962062 /* MovieTableViewCell.swift */,
				5DA1963825D3161A00962062 /* MovieTableViewCell.xib */,
			);
			path = MovieCell;
			sourceTree = "<group>";
		};
		5DA1963E25D55AC700962062 /* App */ = {
			isa = PBXGroup;
			children = (
				5D0CDAF225CF480F00932892 /* AppDelegate.swift */,
			);
			path = App;
			sourceTree = "<group>";
		};
		5DA1963F25D55DAB00962062 /* Storyboard */ = {
			isa = PBXGroup;
			children = (
				5D0CDAF825CF480F00932892 /* Main.storyboard */,
				5D0CDAFD25CF481100932892 /* LaunchScreen.storyboard */,
			);
			path = Storyboard;
			sourceTree = "<group>";
		};
		5DA1964025D55E9C00962062 /* Details */ = {
			isa = PBXGroup;
			children = (
				5DA1964125D55E9C00962062 /* tt0076759.txt */,
				5DA1964225D55E9C00962062 /* tt0121765.txt */,
				5DA1964325D55E9C00962062 /* tt0121766.txt */,
				5DA1964425D55E9C00962062 /* tt0120915.txt */,
				5DA1964525D55E9C00962062 /* tt0086190.txt */,
				5DA1964625D55E9C00962062 /* tt2488496.txt */,
				5DA1964725D55E9C00962062 /* tt0080684.txt */,
				5DA1964825D55E9C00962062 /* tt2527336.txt */,
				5DA1964925D55E9C00962062 /* tt3748528.txt */,
				5DA1964A25D55E9C00962062 /* tt0796366.txt */,
			);
			path = Details;
			sourceTree = "<group>";
		};
		5DA1965B25D5699900962062 /* Managers */ = {
			isa = PBXGroup;
			children = (
				5DA1965725D562A600962062 /* MoviesDataManager.swift */,
				5DA1969925DD6EA600962062 /* KeyboardEventsHandler.swift */,
				5DA1969225DA873400962062 /* Validator.swift */,
				5DDBCA3125E044C400FC76B0 /* ImagePicker.swift */,
				5DB82FFC25E924CF00D1DA5D /* ZoomTransitioningManager.swift */,
			);
			path = Managers;
			sourceTree = "<group>";
		};
		5DA1966025D579D800962062 /* Extensions */ = {
			isa = PBXGroup;
			children = (
				5DA1966125D579F500962062 /* UIStorybourdExtension.swift */,
				5DA1966E25D5C94100962062 /* UISearchBarExtension.swift */,
				5DA1968225D6C16F00962062 /* UIViewExtension.swift */,
				5DA1968625D9C11400962062 /* UITableviewExtension.swift */,
				5DA1968C25D9DB1F00962062 /* UIWindowExtension.swift */,
				5D716BCA25DD73AF0007A460 /* UIApplicationExtension.swift */,
				5DDBCA2E25DFEF0200FC76B0 /* CGRectExtension.swift */,
				5D5A5F7125F5039900053029 /* UIImageExtension.swift */,
			);
			path = Extensions;
			sourceTree = "<group>";
		};
		5DA1966625D58EC200962062 /* DetailsCell */ = {
			isa = PBXGroup;
			children = (
				5DA1966925D58F4A00962062 /* DetailsTableViewCell.swift */,
				5DA1966A25D58F4A00962062 /* DetailsTableViewCell.xib */,
			);
			path = DetailsCell;
			sourceTree = "<group>";
		};
		5DA1966725D58EDB00962062 /* UI */ = {
			isa = PBXGroup;
			children = (
				5DDBCA2825DFEEB600FC76B0 /* Layouts */,
				5DA195F225D1CA4900962062 /* Views */,
				5DA1962B25D315A700962062 /* MovieCell */,
				5DA1966625D58EC200962062 /* DetailsCell */,
				5DDBCA2725DFEE6F00FC76B0 /* PhotoCell */,
			);
			path = UI;
			sourceTree = "<group>";
		};
		5DA1969625DADB6B00962062 /* Movies */ = {
			isa = PBXGroup;
			children = (
				5DA1960F25D30F5400962062 /* MoviesViewController.swift */,
				5DA1965D25D56F6F00962062 /* DetailsViewController.swift */,
				5DA1968F25D9E50900962062 /* AddNewMovieViewController.swift */,
			);
			path = Movies;
			sourceTree = "<group>";
		};
		5DB8300025E929C500D1DA5D /* PhotoCollection */ = {
			isa = PBXGroup;
			children = (
				5DDBCA1F25DFEE0500FC76B0 /* PhotoCollectionViewController.swift */,
				5D3A486625F95D690023FA07 /* PhotoPageViewController.swift */,
				5DB8300125E929F600D1DA5D /* PhotoViewController.swift */,
			);
			path = PhotoCollection;
			sourceTree = "<group>";
		};
		5DDBCA2725DFEE6F00FC76B0 /* PhotoCell */ = {
			isa = PBXGroup;
			children = (
				5DDBCA2325DFEE6C00FC76B0 /* PhotoCell.swift */,
			);
			path = PhotoCell;
			sourceTree = "<group>";
		};
		5DDBCA2825DFEEB600FC76B0 /* Layouts */ = {
			isa = PBXGroup;
			children = (
				5DDBCA2A25DFEED500FC76B0 /* MosaicFlowLayout.swift */,
				5D5A5F6E25F4FEE200053029 /* MosaicCompositionalLayout.swift */,
			);
			path = Layouts;
			sourceTree = "<group>";
		};
		C849B6AB9DA3BE358BAE1811 /* Frameworks */ = {
			isa = PBXGroup;
			children = (
				99E89B7594FD4276B8B03BE6 /* Pods_MobileDevelopment.framework */,
			);
			name = Frameworks;
			sourceTree = "<group>";
		};
/* End PBXGroup section */

/* Begin PBXNativeTarget section */
		5D0CDAEE25CF480F00932892 /* MobileDevelopment */ = {
			isa = PBXNativeTarget;
			buildConfigurationList = 5D0CDB0325CF481100932892 /* Build configuration list for PBXNativeTarget "MobileDevelopment" */;
			buildPhases = (
				7EF69D9F553AA5D904E51331 /* [CP] Check Pods Manifest.lock */,
				5D0CDAEB25CF480F00932892 /* Sources */,
				5D0CDAEC25CF480F00932892 /* Frameworks */,
				5D0CDAED25CF480F00932892 /* Resources */,
				2DB0A7199A1D50918E76F4D5 /* [CP] Embed Pods Frameworks */,
			);
			buildRules = (
			);
			dependencies = (
			);
			name = MobileDevelopment;
			productName = MobileDevelopment;
			productReference = 5D0CDAEF25CF480F00932892 /* MobileDevelopment.app */;
			productType = "com.apple.product-type.application";
		};
/* End PBXNativeTarget section */

/* Begin PBXProject section */
		5D0CDAE725CF480F00932892 /* Project object */ = {
			isa = PBXProject;
			attributes = {
				LastSwiftUpdateCheck = 1240;
				LastUpgradeCheck = 1240;
				TargetAttributes = {
					5D0CDAEE25CF480F00932892 = {
						CreatedOnToolsVersion = 12.4;
					};
				};
			};
			buildConfigurationList = 5D0CDAEA25CF480F00932892 /* Build configuration list for PBXProject "MobileDevelopment" */;
			compatibilityVersion = "Xcode 9.3";
			developmentRegion = en;
			hasScannedForEncodings = 0;
			knownRegions = (
				en,
				Base,
			);
			mainGroup = 5D0CDAE625CF480F00932892;
			productRefGroup = 5D0CDAF025CF480F00932892 /* Products */;
			projectDirPath = "";
			projectRoot = "";
			targets = (
				5D0CDAEE25CF480F00932892 /* MobileDevelopment */,
			);
		};
/* End PBXProject section */

/* Begin PBXResourcesBuildPhase section */
		5D0CDAED25CF480F00932892 /* Resources */ = {
			isa = PBXResourcesBuildPhase;
			buildActionMask = 2147483647;
			files = (
				5D0CDAFF25CF481100932892 /* LaunchScreen.storyboard in Resources */,
				5DA1964B25D55E9C00962062 /* tt0076759.txt in Resources */,
				5DA1966C25D58F4A00962062 /* DetailsTableViewCell.xib in Resources */,
				5DA1965325D55E9C00962062 /* tt3748528.txt in Resources */,
				5DA1962225D3123600962062 /* Poster_10.jpg in Resources */,
				5D0CDAFC25CF481100932892 /* Assets.xcassets in Resources */,
				5DA1962325D3123600962062 /* Poster_01.jpg in Resources */,
				5DA1964C25D55E9C00962062 /* tt0121765.txt in Resources */,
				5D0CDAFA25CF480F00932892 /* Main.storyboard in Resources */,
				5DA1961D25D3123600962062 /* MoviesList.txt in Resources */,
				5DA1963A25D3161A00962062 /* MovieTableViewCell.xib in Resources */,
				5DA1962425D3123600962062 /* Poster_03.jpg in Resources */,
				5DA1965025D55E9C00962062 /* tt2488496.txt in Resources */,
				5DA1964D25D55E9C00962062 /* tt0121766.txt in Resources */,
				5DA1961F25D3123600962062 /* Poster_06.jpg in Resources */,
				5DA1965425D55E9C00962062 /* tt0796366.txt in Resources */,
				5DA1965125D55E9C00962062 /* tt0080684.txt in Resources */,
				5DA1962125D3123600962062 /* Poster_05.jpg in Resources */,
				5DA1965225D55E9C00962062 /* tt2527336.txt in Resources */,
				5DA1962025D3123600962062 /* Poster_07.jpg in Resources */,
				5DA1962525D3123600962062 /* Poster_02.jpg in Resources */,
				5DA1961E25D3123600962062 /* Poster_08.jpg in Resources */,
				5DA1964E25D55E9C00962062 /* tt0120915.txt in Resources */,
				5DA1964F25D55E9C00962062 /* tt0086190.txt in Resources */,
			);
			runOnlyForDeploymentPostprocessing = 0;
		};
/* End PBXResourcesBuildPhase section */

/* Begin PBXShellScriptBuildPhase section */
		2DB0A7199A1D50918E76F4D5 /* [CP] Embed Pods Frameworks */ = {
			isa = PBXShellScriptBuildPhase;
			buildActionMask = 2147483647;
			files = (
			);
			inputFileListPaths = (
				"${PODS_ROOT}/Target Support Files/Pods-MobileDevelopment/Pods-MobileDevelopment-frameworks-${CONFIGURATION}-input-files.xcfilelist",
			);
			name = "[CP] Embed Pods Frameworks";
			outputFileListPaths = (
				"${PODS_ROOT}/Target Support Files/Pods-MobileDevelopment/Pods-MobileDevelopment-frameworks-${CONFIGURATION}-output-files.xcfilelist",
			);
			runOnlyForDeploymentPostprocessing = 0;
			shellPath = /bin/sh;
			shellScript = "\"${PODS_ROOT}/Target Support Files/Pods-MobileDevelopment/Pods-MobileDevelopment-frameworks.sh\"\n";
			showEnvVarsInLog = 0;
		};
		7EF69D9F553AA5D904E51331 /* [CP] Check Pods Manifest.lock */ = {
			isa = PBXShellScriptBuildPhase;
			buildActionMask = 2147483647;
			files = (
			);
			inputFileListPaths = (
			);
			inputPaths = (
				"${PODS_PODFILE_DIR_PATH}/Podfile.lock",
				"${PODS_ROOT}/Manifest.lock",
			);
			name = "[CP] Check Pods Manifest.lock";
			outputFileListPaths = (
			);
			outputPaths = (
				"$(DERIVED_FILE_DIR)/Pods-MobileDevelopment-checkManifestLockResult.txt",
			);
			runOnlyForDeploymentPostprocessing = 0;
			shellPath = /bin/sh;
			shellScript = "diff \"${PODS_PODFILE_DIR_PATH}/Podfile.lock\" \"${PODS_ROOT}/Manifest.lock\" > /dev/null\nif [ $? != 0 ] ; then\n    # print error to STDERR\n    echo \"error: The sandbox is not in sync with the Podfile.lock. Run 'pod install' or update your CocoaPods installation.\" >&2\n    exit 1\nfi\n# This output is used by Xcode 'outputs' to avoid re-running this script phase.\necho \"SUCCESS\" > \"${SCRIPT_OUTPUT_FILE_0}\"\n";
			showEnvVarsInLog = 0;
		};
/* End PBXShellScriptBuildPhase section */

/* Begin PBXSourcesBuildPhase section */
		5D0CDAEB25CF480F00932892 /* Sources */ = {
			isa = PBXSourcesBuildPhase;
			buildActionMask = 2147483647;
			files = (
				5DA1966F25D5C94200962062 /* UISearchBarExtension.swift in Sources */,
				5DA1962925D3138000962062 /* Movie.swift in Sources */,
				5DA1969A25DD6EA600962062 /* KeyboardEventsHandler.swift in Sources */,
				5D0CDB1125D0AFA700932892 /* ChartView.swift in Sources */,
				5DA1967625D5E5BB00962062 /* DetailTableView.swift in Sources */,
				5DB82FFD25E924CF00D1DA5D /* ZoomTransitioningManager.swift in Sources */,
				5DA1966225D579F500962062 /* UIStorybourdExtension.swift in Sources */,
				5D0CDAF725CF480F00932892 /* ViewController.swift in Sources */,
				5DA1968325D6C16F00962062 /* UIViewExtension.swift in Sources */,
				5DA195F425D1CB6300962062 /* DiagramView.swift in Sources */,
				5DA1965825D562A600962062 /* MoviesDataManager.swift in Sources */,
				5DA1968725D9C11400962062 /* UITableviewExtension.swift in Sources */,
				5DA1966B25D58F4A00962062 /* DetailsTableViewCell.swift in Sources */,
				5DDBCA2425DFEE6C00FC76B0 /* PhotoCell.swift in Sources */,
				5DDBCA3225E044C400FC76B0 /* ImagePicker.swift in Sources */,
				5D3A486725F95D690023FA07 /* PhotoPageViewController.swift in Sources */,
				5D716BCB25DD73AF0007A460 /* UIApplicationExtension.swift in Sources */,
				5D0CDB0925D0A5FE00932892 /* DrawingViewController.swift in Sources */,
				5DDBCA2B25DFEED500FC76B0 /* MosaicFlowLayout.swift in Sources */,
				5D0CDAF325CF480F00932892 /* AppDelegate.swift in Sources */,
				5DA1968D25D9DB2000962062 /* UIWindowExtension.swift in Sources */,
				5D5A5F6F25F4FEE200053029 /* MosaicCompositionalLayout.swift in Sources */,
				5DA1969325DA873400962062 /* Validator.swift in Sources */,
				5DA1963925D3161A00962062 /* MovieTableViewCell.swift in Sources */,
				5DDBCA2F25DFEF0200FC76B0 /* CGRectExtension.swift in Sources */,
				5DA1961025D30F5400962062 /* MoviesViewController.swift in Sources */,
				5DDBCA2025DFEE0500FC76B0 /* PhotoCollectionViewController.swift in Sources */,
				5DB8300225E929F600D1DA5D /* PhotoViewController.swift in Sources */,
				5DA1969025D9E50A00962062 /* AddNewMovieViewController.swift in Sources */,
				5DA1965E25D56F6F00962062 /* DetailsViewController.swift in Sources */,
				5D5A5F7225F5039900053029 /* UIImageExtension.swift in Sources */,
			);
			runOnlyForDeploymentPostprocessing = 0;
		};
/* End PBXSourcesBuildPhase section */

/* Begin PBXVariantGroup section */
		5D0CDAF825CF480F00932892 /* Main.storyboard */ = {
			isa = PBXVariantGroup;
			children = (
				5D0CDAF925CF480F00932892 /* Base */,
			);
			name = Main.storyboard;
			sourceTree = "<group>";
		};
		5D0CDAFD25CF481100932892 /* LaunchScreen.storyboard */ = {
			isa = PBXVariantGroup;
			children = (
				5D0CDAFE25CF481100932892 /* Base */,
			);
			name = LaunchScreen.storyboard;
			sourceTree = "<group>";
		};
/* End PBXVariantGroup section */

/* Begin XCBuildConfiguration section */
		5D0CDB0125CF481100932892 /* Debug */ = {
			isa = XCBuildConfiguration;
			buildSettings = {
				ALWAYS_SEARCH_USER_PATHS = NO;
				CLANG_ANALYZER_NONNULL = YES;
				CLANG_ANALYZER_NUMBER_OBJECT_CONVERSION = YES_AGGRESSIVE;
				CLANG_CXX_LANGUAGE_STANDARD = "gnu++14";
				CLANG_CXX_LIBRARY = "libc++";
				CLANG_ENABLE_MODULES = YES;
				CLANG_ENABLE_OBJC_ARC = YES;
				CLANG_ENABLE_OBJC_WEAK = YES;
				CLANG_WARN_BLOCK_CAPTURE_AUTORELEASING = YES;
				CLANG_WARN_BOOL_CONVERSION = YES;
				CLANG_WARN_COMMA = YES;
				CLANG_WARN_CONSTANT_CONVERSION = YES;
				CLANG_WARN_DEPRECATED_OBJC_IMPLEMENTATIONS = YES;
				CLANG_WARN_DIRECT_OBJC_ISA_USAGE = YES_ERROR;
				CLANG_WARN_DOCUMENTATION_COMMENTS = YES;
				CLANG_WARN_EMPTY_BODY = YES;
				CLANG_WARN_ENUM_CONVERSION = YES;
				CLANG_WARN_INFINITE_RECURSION = YES;
				CLANG_WARN_INT_CONVERSION = YES;
				CLANG_WARN_NON_LITERAL_NULL_CONVERSION = YES;
				CLANG_WARN_OBJC_IMPLICIT_RETAIN_SELF = YES;
				CLANG_WARN_OBJC_LITERAL_CONVERSION = YES;
				CLANG_WARN_OBJC_ROOT_CLASS = YES_ERROR;
				CLANG_WARN_QUOTED_INCLUDE_IN_FRAMEWORK_HEADER = YES;
				CLANG_WARN_RANGE_LOOP_ANALYSIS = YES;
				CLANG_WARN_STRICT_PROTOTYPES = YES;
				CLANG_WARN_SUSPICIOUS_MOVE = YES;
				CLANG_WARN_UNGUARDED_AVAILABILITY = YES_AGGRESSIVE;
				CLANG_WARN_UNREACHABLE_CODE = YES;
				CLANG_WARN__DUPLICATE_METHOD_MATCH = YES;
				COPY_PHASE_STRIP = NO;
				DEBUG_INFORMATION_FORMAT = dwarf;
				ENABLE_STRICT_OBJC_MSGSEND = YES;
				ENABLE_TESTABILITY = YES;
				GCC_C_LANGUAGE_STANDARD = gnu11;
				GCC_DYNAMIC_NO_PIC = NO;
				GCC_NO_COMMON_BLOCKS = YES;
				GCC_OPTIMIZATION_LEVEL = 0;
				GCC_PREPROCESSOR_DEFINITIONS = (
					"DEBUG=1",
					"$(inherited)",
				);
				GCC_WARN_64_TO_32_BIT_CONVERSION = YES;
				GCC_WARN_ABOUT_RETURN_TYPE = YES_ERROR;
				GCC_WARN_UNDECLARED_SELECTOR = YES;
				GCC_WARN_UNINITIALIZED_AUTOS = YES_AGGRESSIVE;
				GCC_WARN_UNUSED_FUNCTION = YES;
				GCC_WARN_UNUSED_VARIABLE = YES;
				IPHONEOS_DEPLOYMENT_TARGET = 14.4;
				MTL_ENABLE_DEBUG_INFO = INCLUDE_SOURCE;
				MTL_FAST_MATH = YES;
				ONLY_ACTIVE_ARCH = YES;
				SDKROOT = iphoneos;
				SWIFT_ACTIVE_COMPILATION_CONDITIONS = DEBUG;
				SWIFT_OPTIMIZATION_LEVEL = "-Onone";
			};
			name = Debug;
		};
		5D0CDB0225CF481100932892 /* Release */ = {
			isa = XCBuildConfiguration;
			buildSettings = {
				ALWAYS_SEARCH_USER_PATHS = NO;
				CLANG_ANALYZER_NONNULL = YES;
				CLANG_ANALYZER_NUMBER_OBJECT_CONVERSION = YES_AGGRESSIVE;
				CLANG_CXX_LANGUAGE_STANDARD = "gnu++14";
				CLANG_CXX_LIBRARY = "libc++";
				CLANG_ENABLE_MODULES = YES;
				CLANG_ENABLE_OBJC_ARC = YES;
				CLANG_ENABLE_OBJC_WEAK = YES;
				CLANG_WARN_BLOCK_CAPTURE_AUTORELEASING = YES;
				CLANG_WARN_BOOL_CONVERSION = YES;
				CLANG_WARN_COMMA = YES;
				CLANG_WARN_CONSTANT_CONVERSION = YES;
				CLANG_WARN_DEPRECATED_OBJC_IMPLEMENTATIONS = YES;
				CLANG_WARN_DIRECT_OBJC_ISA_USAGE = YES_ERROR;
				CLANG_WARN_DOCUMENTATION_COMMENTS = YES;
				CLANG_WARN_EMPTY_BODY = YES;
				CLANG_WARN_ENUM_CONVERSION = YES;
				CLANG_WARN_INFINITE_RECURSION = YES;
				CLANG_WARN_INT_CONVERSION = YES;
				CLANG_WARN_NON_LITERAL_NULL_CONVERSION = YES;
				CLANG_WARN_OBJC_IMPLICIT_RETAIN_SELF = YES;
				CLANG_WARN_OBJC_LITERAL_CONVERSION = YES;
				CLANG_WARN_OBJC_ROOT_CLASS = YES_ERROR;
				CLANG_WARN_QUOTED_INCLUDE_IN_FRAMEWORK_HEADER = YES;
				CLANG_WARN_RANGE_LOOP_ANALYSIS = YES;
				CLANG_WARN_STRICT_PROTOTYPES = YES;
				CLANG_WARN_SUSPICIOUS_MOVE = YES;
				CLANG_WARN_UNGUARDED_AVAILABILITY = YES_AGGRESSIVE;
				CLANG_WARN_UNREACHABLE_CODE = YES;
				CLANG_WARN__DUPLICATE_METHOD_MATCH = YES;
				COPY_PHASE_STRIP = NO;
				DEBUG_INFORMATION_FORMAT = "dwarf-with-dsym";
				ENABLE_NS_ASSERTIONS = NO;
				ENABLE_STRICT_OBJC_MSGSEND = YES;
				GCC_C_LANGUAGE_STANDARD = gnu11;
				GCC_NO_COMMON_BLOCKS = YES;
				GCC_WARN_64_TO_32_BIT_CONVERSION = YES;
				GCC_WARN_ABOUT_RETURN_TYPE = YES_ERROR;
				GCC_WARN_UNDECLARED_SELECTOR = YES;
				GCC_WARN_UNINITIALIZED_AUTOS = YES_AGGRESSIVE;
				GCC_WARN_UNUSED_FUNCTION = YES;
				GCC_WARN_UNUSED_VARIABLE = YES;
				IPHONEOS_DEPLOYMENT_TARGET = 14.4;
				MTL_ENABLE_DEBUG_INFO = NO;
				MTL_FAST_MATH = YES;
				SDKROOT = iphoneos;
				SWIFT_COMPILATION_MODE = wholemodule;
				SWIFT_OPTIMIZATION_LEVEL = "-O";
				VALIDATE_PRODUCT = YES;
			};
			name = Release;
		};
		5D0CDB0425CF481100932892 /* Debug */ = {
			isa = XCBuildConfiguration;
			baseConfigurationReference = 17C5F6063AC72E487F42FDF8 /* Pods-MobileDevelopment.debug.xcconfig */;
			buildSettings = {
				ASSETCATALOG_COMPILER_APPICON_NAME = AppIcon;
				ASSETCATALOG_COMPILER_GLOBAL_ACCENT_COLOR_NAME = AccentColor;
				CODE_SIGN_STYLE = Automatic;
				DEVELOPMENT_TEAM = 7KFHN9UQ5P;
				INFOPLIST_FILE = MobileDevelopment/Resources/Info.plist;
				LD_RUNPATH_SEARCH_PATHS = (
					"$(inherited)",
					"@executable_path/Frameworks",
				);
				PRODUCT_BUNDLE_IDENTIFIER = ua.kpi.comsys.iv8206.MobileDevelopment;
				PRODUCT_NAME = "$(TARGET_NAME)";
				SWIFT_VERSION = 5.0;
				TARGETED_DEVICE_FAMILY = 1;
			};
			name = Debug;
		};
		5D0CDB0525CF481100932892 /* Release */ = {
			isa = XCBuildConfiguration;
			baseConfigurationReference = 3EA45EB70095A0BE8CD36E23 /* Pods-MobileDevelopment.release.xcconfig */;
			buildSettings = {
				ASSETCATALOG_COMPILER_APPICON_NAME = AppIcon;
				ASSETCATALOG_COMPILER_GLOBAL_ACCENT_COLOR_NAME = AccentColor;
				CODE_SIGN_STYLE = Automatic;
				DEVELOPMENT_TEAM = 7KFHN9UQ5P;
				INFOPLIST_FILE = MobileDevelopment/Resources/Info.plist;
				LD_RUNPATH_SEARCH_PATHS = (
					"$(inherited)",
					"@executable_path/Frameworks",
				);
				PRODUCT_BUNDLE_IDENTIFIER = ua.kpi.comsys.iv8206.MobileDevelopment;
				PRODUCT_NAME = "$(TARGET_NAME)";
				SWIFT_VERSION = 5.0;
				TARGETED_DEVICE_FAMILY = 1;
			};
			name = Release;
		};
/* End XCBuildConfiguration section */

/* Begin XCConfigurationList section */
		5D0CDAEA25CF480F00932892 /* Build configuration list for PBXProject "MobileDevelopment" */ = {
			isa = XCConfigurationList;
			buildConfigurations = (
				5D0CDB0125CF481100932892 /* Debug */,
				5D0CDB0225CF481100932892 /* Release */,
			);
			defaultConfigurationIsVisible = 0;
			defaultConfigurationName = Release;
		};
		5D0CDB0325CF481100932892 /* Build configuration list for PBXNativeTarget "MobileDevelopment" */ = {
			isa = XCConfigurationList;
			buildConfigurations = (
				5D0CDB0425CF481100932892 /* Debug */,
				5D0CDB0525CF481100932892 /* Release */,
			);
			defaultConfigurationIsVisible = 0;
			defaultConfigurationName = Release;
		};
/* End XCConfigurationList section */
	};
	rootObject = 5D0CDAE725CF480F00932892 /* Project object */;
}
